
Microsoft Visual Studio Solution File, Format Version 12.00
# Visual Studio 15
VisualStudioVersion = 15.0.26430.6
MinimumVisualStudioVersion = 10.0.40219.1
Project("{9A19103F-16F7-4668-BE54-9A1E7A4F7556}") = "RoadToCode", "RoadToCode\RoadToCode.csproj", "{803129CA-120B-4AB6-9820-6C64E8F69130}"
EndProject
Project("{FAE04EC0-301F-11D3-BF4B-00C04F79EFBC}") = "Pixel.DataSource", "Pixel.DataSource\Pixel.DataSource.csproj", "{DC62B98D-F80E-4457-95CA-0BEF302BC9EE}"
EndProject
Project("{9A19103F-16F7-4668-BE54-9A1E7A4F7556}") = "Pixel.Results", "Pixel.Results\Pixel.Results.csproj", "{61AFCB0B-2AB5-4C45-ABD8-199C3725B4E6}"
EndProject
Global
	GlobalSection(SolutionConfigurationPlatforms) = preSolution
		Debug|Any CPU = Debug|Any CPU
		Release|Any CPU = Release|Any CPU
	EndGlobalSection
	GlobalSection(ProjectConfigurationPlatforms) = postSolution
		{803129CA-120B-4AB6-9820-6C64E8F69130}.Debug|Any CPU.ActiveCfg = Debug|Any CPU
		{803129CA-120B-4AB6-9820-6C64E8F69130}.Debug|Any CPU.Build.0 = Debug|Any CPU
		{803129CA-120B-4AB6-9820-6C64E8F69130}.Release|Any CPU.ActiveCfg = Release|Any CPU
		{803129CA-120B-4AB6-9820-6C64E8F69130}.Release|Any CPU.Build.0 = Release|Any CPU
		{DC62B98D-F80E-4457-95CA-0BEF302BC9EE}.Debug|Any CPU.ActiveCfg = Debug|Any CPU
		{DC62B98D-F80E-4457-95CA-0BEF302BC9EE}.Debug|Any CPU.Build.0 = Debug|Any CPU
		{DC62B98D-F80E-4457-95CA-0BEF302BC9EE}.Release|Any CPU.ActiveCfg = Release|Any CPU
		{DC62B98D-F80E-4457-95CA-0BEF302BC9EE}.Release|Any CPU.Build.0 = Release|Any CPU
		{61AFCB0B-2AB5-4C45-ABD8-199C3725B4E6}.Debug|Any CPU.ActiveCfg = Debug|Any CPU
		{61AFCB0B-2AB5-4C45-ABD8-199C3725B4E6}.Debug|Any CPU.Build.0 = Debug|Any CPU
		{61AFCB0B-2AB5-4C45-ABD8-199C3725B4E6}.Release|Any CPU.ActiveCfg = Release|Any CPU
		{61AFCB0B-2AB5-4C45-ABD8-199C3725B4E6}.Release|Any CPU.Build.0 = Release|Any CPU
	EndGlobalSection
	GlobalSection(SolutionProperties) = preSolution
		HideSolutionNode = FALSE
	EndGlobalSection
EndGlobal
